{
  "version": 4,
  "terraform_version": "1.0.4",
  "serial": 66,
  "lineage": "e623e233-5661-308a-703f-82210d9696ae",
  "outputs": {
    "access": {
      "value": "AKIARJWOTHUTDN2PEROB",
      "type": "string"
    },
    "secret": {
      "value": "Y6u9n83TtiqfuJzdtBLmeIIBFwfq83ZP01cpH0Kq",
      "type": "string",
      "sensitive": true
    }
  },
  "resources": [
    {
      "mode": "data",
      "type": "aws_s3_bucket",
      "name": "mailingsignature",
      "provider": "provider[\"registry.terraform.io/hashicorp/aws\"]",
      "instances": [
        {
          "schema_version": 0,
          "attributes": {
            "arn": "arn:aws:s3:::mailingsignature",
            "bucket": "mailingsignature",
            "bucket_domain_name": "mailingsignature.s3.amazonaws.com",
            "bucket_regional_domain_name": "mailingsignature.s3.eu-west-3.amazonaws.com",
            "hosted_zone_id": "Z3R1K369G5AVDG",
            "id": "mailingsignature",
            "region": "eu-west-3",
            "website_domain": null,
            "website_endpoint": null
          },
          "sensitive_attributes": []
        }
      ]
    },
    {
      "mode": "data",
      "type": "github_repository",
      "name": "mailingsignature",
      "provider": "provider[\"registry.terraform.io/integrations/github\"]",
      "instances": [
        {
          "schema_version": 0,
          "attributes": {
            "allow_merge_commit": true,
            "allow_rebase_merge": true,
            "allow_squash_merge": true,
            "archived": false,
            "default_branch": "main",
            "description": "",
            "full_name": "vyrtualsynthese/ashudevWebsite",
            "git_clone_url": "git://github.com/vyrtualsynthese/ashudevWebsite.git",
            "has_downloads": true,
            "has_issues": true,
            "has_projects": true,
            "has_wiki": true,
            "homepage_url": "",
            "html_url": "https://github.com/vyrtualsynthese/ashudevWebsite",
            "http_clone_url": "https://github.com/vyrtualsynthese/ashudevWebsite.git",
            "id": "ashudevWebsite",
            "name": "ashudevWebsite",
            "node_id": "MDEwOlJlcG9zaXRvcnkzNzI1NjA1MTA=",
            "pages": [],
            "private": false,
            "repo_id": 372560510,
            "ssh_clone_url": "git@github.com:vyrtualsynthese/ashudevWebsite.git",
            "svn_url": "https://github.com/vyrtualsynthese/ashudevWebsite",
            "topics": [],
            "visibility": "public"
          },
          "sensitive_attributes": []
        }
      ]
    },
    {
      "mode": "managed",
      "type": "aws_iam_access_key",
      "name": "mailingsignature-terraform",
      "provider": "provider[\"registry.terraform.io/hashicorp/aws\"]",
      "instances": [
        {
          "schema_version": 0,
          "attributes": {
            "create_date": "2021-08-23T21:49:38Z",
            "encrypted_secret": null,
            "encrypted_ses_smtp_password_v4": null,
            "id": "AKIARJWOTHUTDN2PEROB",
            "key_fingerprint": null,
            "pgp_key": null,
            "secret": "Y6u9n83TtiqfuJzdtBLmeIIBFwfq83ZP01cpH0Kq",
            "ses_smtp_password_v4": "BM6aIAKe3Jksibjp2oxLk5JpVWIFWM2HDapVk7QBWV7/",
            "status": "Active",
            "user": "mailingsignature-terraform"
          },
          "sensitive_attributes": [],
          "private": "bnVsbA==",
          "dependencies": [
            "aws_iam_user.mailingsignature-terraform"
          ]
        }
      ]
    },
    {
      "mode": "managed",
      "type": "aws_iam_group",
      "name": "mailingsignature",
      "provider": "provider[\"registry.terraform.io/hashicorp/aws\"]",
      "instances": [
        {
          "schema_version": 0,
          "attributes": {
            "arn": "arn:aws:iam::089553845542:group/projects/mailingsignature/mailingsignature",
            "id": "mailingsignature",
            "name": "mailingsignature",
            "path": "/projects/mailingsignature/",
            "unique_id": "AGPARJWOTHUTPQPZTVGE3"
          },
          "sensitive_attributes": [],
          "private": "bnVsbA=="
        }
      ]
    },
    {
      "mode": "managed",
      "type": "aws_iam_group_membership",
      "name": "mailingsignature",
      "provider": "provider[\"registry.terraform.io/hashicorp/aws\"]",
      "instances": [
        {
          "schema_version": 0,
          "attributes": {
            "group": "mailingsignature",
            "id": "tf-mailingsignature-group-membership",
            "name": "tf-mailingsignature-group-membership",
            "users": [
              "mailingsignature-terraform"
            ]
          },
          "sensitive_attributes": [],
          "private": "bnVsbA==",
          "dependencies": [
            "aws_iam_group.mailingsignature",
            "aws_iam_user.mailingsignature-terraform"
          ]
        }
      ]
    },
    {
      "mode": "managed",
      "type": "aws_iam_group_policy_attachment",
      "name": "mailingsignature",
      "provider": "provider[\"registry.terraform.io/hashicorp/aws\"]",
      "instances": [
        {
          "schema_version": 0,
          "attributes": {
            "group": "mailingsignature",
            "id": "mailingsignature-20210823214937991000000001",
            "policy_arn": "arn:aws:iam::089553845542:policy/projects/mailingsignature"
          },
          "sensitive_attributes": [],
          "private": "bnVsbA==",
          "dependencies": [
            "aws_iam_group.mailingsignature",
            "aws_iam_policy.mailingsignature",
            "data.aws_s3_bucket.mailingsignature"
          ]
        }
      ]
    },
    {
      "mode": "managed",
      "type": "aws_iam_policy",
      "name": "mailingsignature",
      "provider": "provider[\"registry.terraform.io/hashicorp/aws\"]",
      "instances": [
        {
          "schema_version": 0,
          "attributes": {
            "arn": "arn:aws:iam::089553845542:policy/projects/mailingsignature",
            "description": "",
            "id": "arn:aws:iam::089553845542:policy/projects/mailingsignature",
            "name": "mailingsignature",
            "name_prefix": null,
            "path": "/projects/",
            "policy": "{\"Statement\":[{\"Action\":[\"s3:*\"],\"Effect\":\"Allow\",\"Resource\":\"arn:aws:s3:::mailingsignature\"}],\"Version\":\"2012-10-17\"}",
            "policy_id": "ANPARJWOTHUTOOZQVR42M",
            "tags": {
              "project": "mailingsignature"
            },
            "tags_all": {
              "project": "mailingsignature"
            }
          },
          "sensitive_attributes": [],
          "private": "bnVsbA==",
          "dependencies": [
            "data.aws_s3_bucket.mailingsignature"
          ]
        }
      ]
    },
    {
      "mode": "managed",
      "type": "aws_iam_user",
      "name": "mailingsignature-terraform",
      "provider": "provider[\"registry.terraform.io/hashicorp/aws\"]",
      "instances": [
        {
          "schema_version": 0,
          "attributes": {
            "arn": "arn:aws:iam::089553845542:user/projects/mailingsignature/mailingsignature-terraform",
            "force_destroy": false,
            "id": "mailingsignature-terraform",
            "name": "mailingsignature-terraform",
            "path": "/projects/mailingsignature/",
            "permissions_boundary": null,
            "tags": {
              "project": "mailingsignature"
            },
            "tags_all": {
              "project": "mailingsignature"
            },
            "unique_id": "AIDARJWOTHUTIILOPQYBV"
          },
          "sensitive_attributes": [],
          "private": "bnVsbA=="
        }
      ]
    },
    {
      "mode": "managed",
      "type": "github_repository_environment",
      "name": "repo_environment",
      "provider": "provider[\"registry.terraform.io/integrations/github\"]",
      "instances": [
        {
          "schema_version": 0,
          "attributes": {
            "deployment_branch_policy": [],
            "environment": "prod",
            "id": "ashudevWebsite:prod",
            "repository": "ashudevWebsite",
            "reviewers": [],
            "wait_timer": null
          },
          "sensitive_attributes": [],
          "private": "bnVsbA==",
          "dependencies": [
            "data.github_repository.mailingsignature"
          ]
        }
      ]
    }
  ]
}
