{
  "version": 4,
  "terraform_version": "1.0.4",
  "serial": 3,
  "lineage": "e623e233-5661-308a-703f-82210d9696ae",
  "outputs": {},
  "resources": [
    {
      "mode": "managed",
      "type": "aws_iam_policy",
      "name": "policy",
      "provider": "provider[\"registry.terraform.io/hashicorp/aws\"]",
      "instances": [
        {
          "schema_version": 0,
          "attributes": {
            "arn": "arn:aws:iam::089553845542:policy/projects/mailingsignature",
            "description": "",
            "id": "arn:aws:iam::089553845542:policy/projects/mailingsignature",
            "name": "mailingsignature",
            "name_prefix": null,
            "path": "/projects/",
            "policy": "{\"Statement\":[{\"Action\":[\"s3:*\"],\"Condition\":{\"StringEquals\":{\"s3:ResourceTag/project\":\"mailingsignature\"}},\"Effect\":\"Allow\",\"Resource\":\"*\"}],\"Version\":\"2012-10-17\"}",
            "policy_id": "ANPARJWOTHUTGITAMTSO4",
            "tags": {
              "project": "mailingsignature"
            },
            "tags_all": {
              "project": "mailingsignature"
            }
          },
          "sensitive_attributes": [],
          "private": "bnVsbA=="
        }
      ]
    }
  ]
}
